
Microsoft Visual Studio Solution File, Format Version 12.00
# Visual Studio Version 16
VisualStudioVersion = 16.0.31019.35
MinimumVisualStudioVersion = 10.0.40219.1
Project("{FAE04EC0-301F-11D3-BF4B-00C04F79EFBC}") = "Exercicio_de_Classes_2", "Exercicio_de_Classes_2\Exercicio_de_Classes_2.csproj", "{F5DA43D4-E260-4B99-AB3B-ECF67516BA93}"
EndProject
Global
	GlobalSection(SolutionConfigurationPlatforms) = preSolution
		Debug|Any CPU = Debug|Any CPU
		Release|Any CPU = Release|Any CPU
	EndGlobalSection
	GlobalSection(ProjectConfigurationPlatforms) = postSolution
		{F5DA43D4-E260-4B99-AB3B-ECF67516BA93}.Debug|Any CPU.ActiveCfg = Debug|Any CPU
		{F5DA43D4-E260-4B99-AB3B-ECF67516BA93}.Debug|Any CPU.Build.0 = Debug|Any CPU
		{F5DA43D4-E260-4B99-AB3B-ECF67516BA93}.Release|Any CPU.ActiveCfg = Release|Any CPU
		{F5DA43D4-E260-4B99-AB3B-ECF67516BA93}.Release|Any CPU.Build.0 = Release|Any CPU
	EndGlobalSection
	GlobalSection(SolutionProperties) = preSolution
		HideSolutionNode = FALSE
	EndGlobalSection
	GlobalSection(ExtensibilityGlobals) = postSolution
		SolutionGuid = {7709A9A1-22B4-4CB1-93F1-EA14B10A8B7F}
	EndGlobalSection
EndGlobal
